{
  "nodes": {
    "nixpkgs": {
      "locked": {
        "lastModified": 1770537093,
        "narHash": "sha256-pF1quXG5wsgtyuPOHcLfYg/ft/QMr8NnX0i6tW2187s=",
        "owner": "nixos",
        "repo": "nixpkgs",
        "rev": "fef9403a3e4d31b0a23f0bacebbec52c248fbb51",
        "type": "github"
      },
      "original": {
        "owner": "nixos",
        "ref": "nixpkgs-unstable",
        "repo": "nixpkgs",
        "type": "github"
      }
    },
    "root": {
      "inputs": {
        "nixpkgs": "nixpkgs",
        "semgrep-rules": "semgrep-rules",
        "systems": "systems",
        "trev": "trev"
      }
    },
    "semgrep-rules": {
      "flake": false,
      "locked": {
        "lastModified": 1768476565,
        "narHash": "sha256-YmAZbmN+3TOQga9AXU2cVeNrLHuNd/ehd6+/ZpBn9u8=",
        "owner": "semgrep",
        "repo": "semgrep-rules",
        "rev": "46a0ecfdf78f86a6409677c58417f845ef9eae9a",
        "type": "github"
      },
      "original": {
        "owner": "semgrep",
        "repo": "semgrep-rules",
        "type": "github"
      }
    },
    "systems": {
      "locked": {
        "lastModified": 1681028828,
        "narHash": "sha256-Vy1rq5AaRuLzOxct8nz4T6wlgyUR7zLU309k9mBC768=",
        "owner": "nix-systems",
        "repo": "default",
        "rev": "da67096a3b9bf56a91d16901293e51ba5b49a27e",
        "type": "github"
      },
      "original": {
        "owner": "nix-systems",
        "repo": "default",
        "type": "github"
      }
    },
    "trev": {
      "inputs": {
        "nixpkgs": [
          "nixpkgs"
        ],
        "systems": [
          "systems"
        ]
      },
      "locked": {
        "lastModified": 1770782374,
        "narHash": "sha256-ech0hxU+6C9uPBhr84TC5Hizb/uu/4fIxUvQXjQKL0w=",
        "owner": "spotdemo4",
        "repo": "nur",
        "rev": "bf0a832177774f69c52c60a03b93305b2576143b",
        "type": "github"
      },
      "original": {
        "owner": "spotdemo4",
        "repo": "nur",
        "type": "github"
      }
    }
  },
  "root": "root",
  "version": 7
}
