{
  "nodes": {
    "nixpkgs": {
      "locked": {
        "lastModified": 1772736753,
        "narHash": "sha256-au/m3+EuBLoSzWUCb64a/MZq6QUtOV8oC0D9tY2scPQ=",
        "owner": "nixos",
        "repo": "nixpkgs",
        "rev": "917fec990948658ef1ccd07cef2a1ef060786846",
        "type": "github"
      },
      "original": {
        "owner": "nixos",
        "ref": "nixpkgs-unstable",
        "repo": "nixpkgs",
        "type": "github"
      }
    },
    "root": {
      "inputs": {
        "nixpkgs": "nixpkgs",
        "semgrep-rules": "semgrep-rules",
        "systems": "systems",
        "trev": "trev"
      }
    },
    "semgrep-rules": {
      "flake": false,
      "locked": {
        "lastModified": 1772626239,
        "narHash": "sha256-tKq3uYjPAh6nmWlnZy/uyWlqNhc3nlgGdJoU8ruSDVs=",
        "owner": "semgrep",
        "repo": "semgrep-rules",
        "rev": "4f980f0bf591a26a85dd1540c0ef6aaaf4158c27",
        "type": "github"
      },
      "original": {
        "owner": "semgrep",
        "repo": "semgrep-rules",
        "type": "github"
      }
    },
    "systems": {
      "locked": {
        "lastModified": 1681028828,
        "narHash": "sha256-Vy1rq5AaRuLzOxct8nz4T6wlgyUR7zLU309k9mBC768=",
        "owner": "nix-systems",
        "repo": "default",
        "rev": "da67096a3b9bf56a91d16901293e51ba5b49a27e",
        "type": "github"
      },
      "original": {
        "owner": "nix-systems",
        "repo": "default",
        "type": "github"
      }
    },
    "trev": {
      "inputs": {
        "nixpkgs": [
          "nixpkgs"
        ],
        "systems": [
          "systems"
        ]
      },
      "locked": {
        "lastModified": 1773134765,
        "narHash": "sha256-HW+yVC0dhJFQjEz5lWhByG87zFvbEfHfmsX74K1x0wU=",
        "owner": "spotdemo4",
        "repo": "nur",
        "rev": "2b020e7414df680f79d72086a76a1bfe35968e74",
        "type": "github"
      },
      "original": {
        "owner": "spotdemo4",
        "repo": "nur",
        "rev": "2b020e7414df680f79d72086a76a1bfe35968e74",
        "type": "github"
      }
    }
  },
  "root": "root",
  "version": 7
}
